
Microsoft Visual Studio Solution File, Format Version 12.00
# Visual Studio 15
VisualStudioVersion = 15.0.26730.8
MinimumVisualStudioVersion = 10.0.40219.1
Project("{2150E333-8FDC-42A3-9474-1A3956D46DE8}") = "src", "src", "{8F7BBA4D-9761-4B46-85F5-C02B7415E0F0}"
EndProject
Project("{2150E333-8FDC-42A3-9474-1A3956D46DE8}") = "test", "test", "{11419AA6-6CC7-40B2-998F-705DF6C6D01E}"
EndProject
Project("{FAE04EC0-301F-11D3-BF4B-00C04F79EFBC}") = "DG.Tests", "test\DG.Tests\DG.Tests.csproj", "{382B8C3A-AECD-493E-8F4F-B84EF71326CF}"
EndProject
Project("{2150E333-8FDC-42A3-9474-1A3956D46DE8}") = "Framework", "Framework", "{E88ECCE2-A1AA-4666-95A2-C44D7D53535C}"
EndProject
Project("{2150E333-8FDC-42A3-9474-1A3956D46DE8}") = "Core", "Core", "{401B3489-83E9-4108-BA34-35B962D702B5}"
EndProject
Project("{FAE04EC0-301F-11D3-BF4B-00C04F79EFBC}") = "DG", "src\Framework\DG\DG.csproj", "{F5CF03B4-455D-46AC-9FEF-CB752F6B136E}"
EndProject
Project("{FAE04EC0-301F-11D3-BF4B-00C04F79EFBC}") = "DGCore", "src\Core\DGCore\DGCore.csproj", "{C0D2592F-698E-4641-BF5F-7487A494A821}"
EndProject
Project("{FAE04EC0-301F-11D3-BF4B-00C04F79EFBC}") = "DGCore.Tests", "test\DGCore.Tests\DGCore.Tests.csproj", "{97D4DF5A-66C0-4CEA-822D-50F91ACC2BC8}"
EndProject
Global
	GlobalSection(SolutionConfigurationPlatforms) = preSolution
		Debug|Any CPU = Debug|Any CPU
		Release|Any CPU = Release|Any CPU
	EndGlobalSection
	GlobalSection(ProjectConfigurationPlatforms) = postSolution
		{382B8C3A-AECD-493E-8F4F-B84EF71326CF}.Debug|Any CPU.ActiveCfg = Debug|Any CPU
		{382B8C3A-AECD-493E-8F4F-B84EF71326CF}.Debug|Any CPU.Build.0 = Debug|Any CPU
		{382B8C3A-AECD-493E-8F4F-B84EF71326CF}.Release|Any CPU.ActiveCfg = Release|Any CPU
		{382B8C3A-AECD-493E-8F4F-B84EF71326CF}.Release|Any CPU.Build.0 = Release|Any CPU
		{F5CF03B4-455D-46AC-9FEF-CB752F6B136E}.Debug|Any CPU.ActiveCfg = Debug|Any CPU
		{F5CF03B4-455D-46AC-9FEF-CB752F6B136E}.Debug|Any CPU.Build.0 = Debug|Any CPU
		{F5CF03B4-455D-46AC-9FEF-CB752F6B136E}.Release|Any CPU.ActiveCfg = Release|Any CPU
		{F5CF03B4-455D-46AC-9FEF-CB752F6B136E}.Release|Any CPU.Build.0 = Release|Any CPU
		{C0D2592F-698E-4641-BF5F-7487A494A821}.Debug|Any CPU.ActiveCfg = Debug|Any CPU
		{C0D2592F-698E-4641-BF5F-7487A494A821}.Debug|Any CPU.Build.0 = Debug|Any CPU
		{C0D2592F-698E-4641-BF5F-7487A494A821}.Release|Any CPU.ActiveCfg = Release|Any CPU
		{C0D2592F-698E-4641-BF5F-7487A494A821}.Release|Any CPU.Build.0 = Release|Any CPU
		{97D4DF5A-66C0-4CEA-822D-50F91ACC2BC8}.Debug|Any CPU.ActiveCfg = Debug|Any CPU
		{97D4DF5A-66C0-4CEA-822D-50F91ACC2BC8}.Debug|Any CPU.Build.0 = Debug|Any CPU
		{97D4DF5A-66C0-4CEA-822D-50F91ACC2BC8}.Release|Any CPU.ActiveCfg = Release|Any CPU
		{97D4DF5A-66C0-4CEA-822D-50F91ACC2BC8}.Release|Any CPU.Build.0 = Release|Any CPU
	EndGlobalSection
	GlobalSection(SolutionProperties) = preSolution
		HideSolutionNode = FALSE
	EndGlobalSection
	GlobalSection(NestedProjects) = preSolution
		{382B8C3A-AECD-493E-8F4F-B84EF71326CF} = {11419AA6-6CC7-40B2-998F-705DF6C6D01E}
		{E88ECCE2-A1AA-4666-95A2-C44D7D53535C} = {8F7BBA4D-9761-4B46-85F5-C02B7415E0F0}
		{401B3489-83E9-4108-BA34-35B962D702B5} = {8F7BBA4D-9761-4B46-85F5-C02B7415E0F0}
		{F5CF03B4-455D-46AC-9FEF-CB752F6B136E} = {E88ECCE2-A1AA-4666-95A2-C44D7D53535C}
		{C0D2592F-698E-4641-BF5F-7487A494A821} = {401B3489-83E9-4108-BA34-35B962D702B5}
		{97D4DF5A-66C0-4CEA-822D-50F91ACC2BC8} = {11419AA6-6CC7-40B2-998F-705DF6C6D01E}
	EndGlobalSection
	GlobalSection(ExtensibilityGlobals) = postSolution
		SolutionGuid = {90386975-943A-4243-908C-B25F142B1B53}
	EndGlobalSection
EndGlobal
